<Solution>
  <Folder Name="/src/">
    <Project Path="src/PriceTracker.Api/PriceTracker.Api.csproj" />
    <Project Path="src/PriceTracker.Application/PriceTracker.Application.csproj" />
    <Project Path="src/PriceTracker.Domain/PriceTracker.Domain.csproj" />
    <Project Path="src/PriceTracker.Infrastructure/PriceTracker.Infrastructure.csproj" />
  </Folder>
  <Folder Name="/test/">
    <Project Path="test/PriceTracker.IntegrationTests/PriceTracker.IntegrationTests.csproj" />
    <Project Path="test/PriceTracker.UnitTests/PriceTracker.UnitTests.csproj" />
  </Folder>
</Solution>
